
Microsoft Visual Studio Solution File, Format Version 12.00
# Visual Studio 15
VisualStudioVersion = 15.0.28010.2050
MinimumVisualStudioVersion = 10.0.40219.1
Project("{FAE04EC0-301F-11D3-BF4B-00C04F79EFBC}") = "ishopping_website", "ishopping_website\ishopping_website.csproj", "{4702743C-DA61-4DF2-A52E-F4B8C0AC8A1E}"
EndProject
Global
	GlobalSection(SolutionConfigurationPlatforms) = preSolution
		Debug|Any CPU = Debug|Any CPU
		Release|Any CPU = Release|Any CPU
	EndGlobalSection
	GlobalSection(ProjectConfigurationPlatforms) = postSolution
		{4702743C-DA61-4DF2-A52E-F4B8C0AC8A1E}.Debug|Any CPU.ActiveCfg = Debug|Any CPU
		{4702743C-DA61-4DF2-A52E-F4B8C0AC8A1E}.Debug|Any CPU.Build.0 = Debug|Any CPU
		{4702743C-DA61-4DF2-A52E-F4B8C0AC8A1E}.Release|Any CPU.ActiveCfg = Release|Any CPU
		{4702743C-DA61-4DF2-A52E-F4B8C0AC8A1E}.Release|Any CPU.Build.0 = Release|Any CPU
	EndGlobalSection
	GlobalSection(SolutionProperties) = preSolution
		HideSolutionNode = FALSE
	EndGlobalSection
	GlobalSection(ExtensibilityGlobals) = postSolution
		SolutionGuid = {2E74F109-6A47-430C-BCA3-5B9AA9CFB55A}
	EndGlobalSection
EndGlobal
