
Microsoft Visual Studio Solution File, Format Version 12.00
# Visual Studio 15
VisualStudioVersion = 15.0.28010.2050
MinimumVisualStudioVersion = 10.0.40219.1
Project("{FAE04EC0-301F-11D3-BF4B-00C04F79EFBC}") = "CRUD_Web", "CRUD_Web\CRUD_Web.csproj", "{FC0B915B-A1A6-4807-9D0A-3F2772AF61AD}"
EndProject
Global
	GlobalSection(SolutionConfigurationPlatforms) = preSolution
		Debug|Any CPU = Debug|Any CPU
		Release|Any CPU = Release|Any CPU
	EndGlobalSection
	GlobalSection(ProjectConfigurationPlatforms) = postSolution
		{FC0B915B-A1A6-4807-9D0A-3F2772AF61AD}.Debug|Any CPU.ActiveCfg = Debug|Any CPU
		{FC0B915B-A1A6-4807-9D0A-3F2772AF61AD}.Debug|Any CPU.Build.0 = Debug|Any CPU
		{FC0B915B-A1A6-4807-9D0A-3F2772AF61AD}.Release|Any CPU.ActiveCfg = Release|Any CPU
		{FC0B915B-A1A6-4807-9D0A-3F2772AF61AD}.Release|Any CPU.Build.0 = Release|Any CPU
	EndGlobalSection
	GlobalSection(SolutionProperties) = preSolution
		HideSolutionNode = FALSE
	EndGlobalSection
	GlobalSection(ExtensibilityGlobals) = postSolution
		SolutionGuid = {46508426-5A38-4343-8D54-656142160319}
	EndGlobalSection
EndGlobal
