
Microsoft Visual Studio Solution File, Format Version 12.00
# Visual Studio 15
VisualStudioVersion = 15.0.28010.2048
MinimumVisualStudioVersion = 10.0.40219.1
Project("{FAE04EC0-301F-11D3-BF4B-00C04F79EFBC}") = "10202_CS_Project", "10202_CS_Project\10202_CS_Project.csproj", "{13B95001-3087-4B21-A179-BBF2D9574A2D}"
EndProject
Global
	GlobalSection(SolutionConfigurationPlatforms) = preSolution
		Debug|Any CPU = Debug|Any CPU
		Release|Any CPU = Release|Any CPU
	EndGlobalSection
	GlobalSection(ProjectConfigurationPlatforms) = postSolution
		{13B95001-3087-4B21-A179-BBF2D9574A2D}.Debug|Any CPU.ActiveCfg = Debug|Any CPU
		{13B95001-3087-4B21-A179-BBF2D9574A2D}.Debug|Any CPU.Build.0 = Debug|Any CPU
		{13B95001-3087-4B21-A179-BBF2D9574A2D}.Release|Any CPU.ActiveCfg = Release|Any CPU
		{13B95001-3087-4B21-A179-BBF2D9574A2D}.Release|Any CPU.Build.0 = Release|Any CPU
	EndGlobalSection
	GlobalSection(SolutionProperties) = preSolution
		HideSolutionNode = FALSE
	EndGlobalSection
	GlobalSection(ExtensibilityGlobals) = postSolution
		SolutionGuid = {1A6565C1-355B-4B41-9150-A251309C100E}
	EndGlobalSection
EndGlobal
